# This file is generated by running "yarn install" inside your project.
# Manual changes might be lost - proceed with caution!

__metadata:
  version: 4
  cacheKey: 7

"@ahdg/minecraftstatuspinger@npm:^1.1.5":
  version: 1.1.5
  resolution: "@ahdg/minecraftstatuspinger@npm:1.1.5"
  checksum: 0e71efe4500e23f5227cdae174b292977109dea85e6fef5bdd9ad83300bda5a5b6b822b7c4ce93e46ff357948f69ecd5ad011b1380858fcdaf306d01131f2018
  languageName: node
  linkType: hard

"@esbuild/aix-ppc64@npm:0.25.5":
  version: 0.25.5
  resolution: "@esbuild/aix-ppc64@npm:0.25.5"
  checksum: 68b3e78872038faaccf740f1d10ff73b60c207f0fd6213ae8f3e0c1b0ff0b0b9edae78f408320fc1cf8d6f6ca7f645facf79442503dbc124bc9ca68d0909f132
  languageName: node
  linkType: hard

"@esbuild/android-arm64@npm:0.25.5":
  version: 0.25.5
  resolution: "@esbuild/android-arm64@npm:0.25.5"
  checksum: fd69bf0ddbe4f9d0c0ebfc38b298f02969767a2cc4a7ee4419c1f7a54cee6323a0d87ff4abe8a69e432f8f9b02ee5aba84f8258e0a4f767cbb6490d122b6f158
  languageName: node
  linkType: hard

"@esbuild/android-arm@npm:0.25.5":
  version: 0.25.5
  resolution: "@esbuild/android-arm@npm:0.25.5"
  checksum: 0c69f6faa42c7454b6a95164d4c912439aa07ba17f1386681c8c942447c61ac9fb1df877d4affacb90851201bc21ae0d4114a841278f61efe380712bae0cc2ac
  languageName: node
  linkType: hard

"@esbuild/android-x64@npm:0.25.5":
  version: 0.25.5
  resolution: "@esbuild/android-x64@npm:0.25.5"
  checksum: f1a74550040bc778e8fbf3fd9e76a114c48b2249e2116dd4168dc9bc064d65e4ba21ef98dfb56138f680cddbddb983509df1f02aed8670e288b3e5ef6fc8ff4f
  languageName: node
  linkType: hard

"@esbuild/darwin-arm64@npm:0.25.5":
  version: 0.25.5
  resolution: "@esbuild/darwin-arm64@npm:0.25.5"
  checksum: ac57d1b04b72640635d7af7d3272748cabfbe3fa76eb8dd44ce05abb6bd40144ea829f390303807d0df5d20fd9a06b64b4f81465ea5e3583095c711cb41f4407
  languageName: node
  linkType: hard

"@esbuild/darwin-x64@npm:0.25.5":
  version: 0.25.5
  resolution: "@esbuild/darwin-x64@npm:0.25.5"
  checksum: 00b258fbf9df3ee3b4bbb64bfbaa8c1d23f851b3a00f3246ebfbdb5cce3786d5b1fa781d62d6a60010cac25d77456364f46f47bf1faca6579d6a047fde3a968d
  languageName: node
  linkType: hard

"@esbuild/freebsd-arm64@npm:0.25.5":
  version: 0.25.5
  resolution: "@esbuild/freebsd-arm64@npm:0.25.5"
  checksum: 7578a929dc1785e02c07220ed9dbdddcb7c4f3fa289d9201521f0cf38a2c9442331fbec220eec6ae219289b07e5b95858a5060f306124a9a727e74c8d4cd9688
  languageName: node
  linkType: hard

"@esbuild/freebsd-x64@npm:0.25.5":
  version: 0.25.5
  resolution: "@esbuild/freebsd-x64@npm:0.25.5"
  checksum: 05b071d9fea8684db191ef906b37dda706a23d788ec8d5df1f1270cff192dac1802939547a715bc370359c783d84df5c59007e147e115e193511637c2a0543e5
  languageName: node
  linkType: hard

"@esbuild/linux-arm64@npm:0.25.5":
  version: 0.25.5
  resolution: "@esbuild/linux-arm64@npm:0.25.5"
  checksum: a860a55486cf5bc587cd0b49e0a83256b6edcdbe8bbac898a2ccae700fffdf77eca611b769e9a87e1db08a7c42e4229dabe66c398a473c5591fcb64905164778
  languageName: node
  linkType: hard

"@esbuild/linux-arm@npm:0.25.5":
  version: 0.25.5
  resolution: "@esbuild/linux-arm@npm:0.25.5"
  checksum: 7b5149ab757704f572de9297323a555046029f19194cabe84380ab511351229404df990f5fe32e73464e19287f9f160252966cc4e82faf08ecc4bc79bb2adb09
  languageName: node
  linkType: hard

"@esbuild/linux-ia32@npm:0.25.5":
  version: 0.25.5
  resolution: "@esbuild/linux-ia32@npm:0.25.5"
  checksum: cb49cc4c643fe9225696b2bbd6c2b9068d1bb66c01d48de5ef6f7e960a89e73fff146435e7cdf6148b57f65e7bbf9f6f7b0be09a12f16483f22e17309fed3751
  languageName: node
  linkType: hard

"@esbuild/linux-loong64@npm:0.25.5":
  version: 0.25.5
  resolution: "@esbuild/linux-loong64@npm:0.25.5"
  checksum: 6d5fe57d03123f5abd5b55253a24cb05fde527b723b07c95fa4fff388d601f5649410479660a15f53cf14f494cfdd6c8654697923453129d6fd31cd7078cade7
  languageName: node
  linkType: hard

"@esbuild/linux-mips64el@npm:0.25.5":
  version: 0.25.5
  resolution: "@esbuild/linux-mips64el@npm:0.25.5"
  checksum: 05078e472bd5bd614267428a1be1c17319ade1e0582ca0962c07f52c4cabb80eaf9448bb8dc56240a1cbfc945aa3b7cbf77b314922ef06817383ef859fe75011
  languageName: node
  linkType: hard

"@esbuild/linux-ppc64@npm:0.25.5":
  version: 0.25.5
  resolution: "@esbuild/linux-ppc64@npm:0.25.5"
  checksum: 08e9e3b9d81e8572acb5fec66966a2494591d418a48453640d4086c44b4b1bf601707741c9c4e1f21e458358f6de17fbb5c8dddc196e0ab4a95a048efbc58733
  languageName: node
  linkType: hard

"@esbuild/linux-riscv64@npm:0.25.5":
  version: 0.25.5
  resolution: "@esbuild/linux-riscv64@npm:0.25.5"
  checksum: 28bb192eaff74f0d4b0e964388f9c1aa21207e8a6283df0249b2879294ba29a633fa5856a5d97ce230e109bf02e73d47bbd0eb80f2f82f4b566f388ec42482a7
  languageName: node
  linkType: hard

"@esbuild/linux-s390x@npm:0.25.5":
  version: 0.25.5
  resolution: "@esbuild/linux-s390x@npm:0.25.5"
  checksum: 6afda9a700063b538a410984c2f60d1073593bbd995f867bfb215dbe7820240c947f3dabce4f2ad9cd33d0d0ea2471a69b0f3a573c3ce700631b3816a5678f2d
  languageName: node
  linkType: hard

"@esbuild/linux-x64@npm:0.25.5":
  version: 0.25.5
  resolution: "@esbuild/linux-x64@npm:0.25.5"
  checksum: e7ddf9cab4a98780383a0ff91ff2f509ae34665cd4561bab7e6cbbf8a2a4e0a61035c738306a000050f7ece559b24bfcd7e92f9aa25ea98f29aee7b395aa2ba9
  languageName: node
  linkType: hard

"@esbuild/netbsd-arm64@npm:0.25.5":
  version: 0.25.5
  resolution: "@esbuild/netbsd-arm64@npm:0.25.5"
  checksum: 38fc547b74527feb5ec2ced0a9d333e712af2b55bd2e0ed7cb5f4a3937a88f5c9eb07e0fbd2442567d01c78a019e4cfa04f4c89b65b543097ec4bec1cf421a03
  languageName: node
  linkType: hard

"@esbuild/netbsd-x64@npm:0.25.5":
  version: 0.25.5
  resolution: "@esbuild/netbsd-x64@npm:0.25.5"
  checksum: 84ed343c582fd4271468d011d933c6afafbe6df45ddb56fb085b226839d2369285aaefea7c3d16cdb6fbd0c1aaa059173bea63d3890d65f62d7845b523d09729
  languageName: node
  linkType: hard

"@esbuild/openbsd-arm64@npm:0.25.5":
  version: 0.25.5
  resolution: "@esbuild/openbsd-arm64@npm:0.25.5"
  checksum: 7c74fc7dc92e8fc860b4f2aff5f905237c9c0514ad189cdce6050b56293233de3f70639cc4d7f57f5cc42386353fd1753d2f258c28bc969cb16b2335ed1a5098
  languageName: node
  linkType: hard

"@esbuild/openbsd-x64@npm:0.25.5":
  version: 0.25.5
  resolution: "@esbuild/openbsd-x64@npm:0.25.5"
  checksum: 73ab21b33b90d2d5a2f806e524b1e0753710ed976522ac54629b1a14a2d558ce224e2036d4b1744f46340e0733f098345f1f4782fe58ef67244d5daf36057c83
  languageName: node
  linkType: hard

"@esbuild/sunos-x64@npm:0.25.5":
  version: 0.25.5
  resolution: "@esbuild/sunos-x64@npm:0.25.5"
  checksum: bb8684adf311a48a7d0917572856f8a7c9f6fe6ed0bb1e9c61b1195b0d9392ea4a0980504818a35daf7e2e98606a7f95c69ebac9ddb77ad30786fb55c0e201d9
  languageName: node
  linkType: hard

"@esbuild/win32-arm64@npm:0.25.5":
  version: 0.25.5
  resolution: "@esbuild/win32-arm64@npm:0.25.5"
  checksum: d320df77cc4a65fd76442e0069de9590606b1006c9de9a2c647b89080d7b5aa287eb54c3e1d1f6d9a35435c3c924ee16b1160d9f90d986c9feee921958b5d76f
  languageName: node
  linkType: hard

"@esbuild/win32-ia32@npm:0.25.5":
  version: 0.25.5
  resolution: "@esbuild/win32-ia32@npm:0.25.5"
  checksum: add7261d05918956a047efbe92411a043f8fb816d07dd6040c8ff8edad47330222790a2080932cedc096700aaf81c3ffb3de0ebe67ec8b769e7a43ae0015b7ab
  languageName: node
  linkType: hard

"@esbuild/win32-x64@npm:0.25.5":
  version: 0.25.5
  resolution: "@esbuild/win32-x64@npm:0.25.5"
  checksum: 4211d781fe0437b7017a6a1fb9b6b8041485e51951169b25ec77a7218f0a5a2839542091783fa35818a06da665bbb778ccddc559b531b21abe163744c3c348fb
  languageName: node
  linkType: hard

"@isaacs/cliui@npm:^8.0.2":
  version: 8.0.2
  resolution: "@isaacs/cliui@npm:8.0.2"
  dependencies:
    string-width: "npm:^5.1.2"
    string-width-cjs: "npm:string-width@^4.2.0"
    strip-ansi: "npm:^7.0.1"
    strip-ansi-cjs: "npm:strip-ansi@^6.0.1"
    wrap-ansi: "npm:^8.1.0"
    wrap-ansi-cjs: "npm:wrap-ansi@^7.0.0"
  checksum: 1b9b20d02b477c6bfeb3239e5c7f143f31ae499d1c74eb1e151f86d82ba1ebfb229df6ece4e071cadf3392e31a7ad39ea7e0daf01a0ec637ecd2729266dca0e7
  languageName: node
  linkType: hard

"@isaacs/fs-minipass@npm:^4.0.0":
  version: 4.0.1
  resolution: "@isaacs/fs-minipass@npm:4.0.1"
  dependencies:
    minipass: "npm:^7.0.4"
  checksum: a356c13ffe01cc97fe5312b9bc912fc6b2a50cad6b9888234467a48e14570eed58b74d3c2bfe75a39137c87eb1a4c7d5ac434b99a5c218415fc99068180938a8
  languageName: node
  linkType: hard

"@npmcli/agent@npm:^3.0.0":
  version: 3.0.0
  resolution: "@npmcli/agent@npm:3.0.0"
  dependencies:
    agent-base: "npm:^7.1.0"
    http-proxy-agent: "npm:^7.0.0"
    https-proxy-agent: "npm:^7.0.1"
    lru-cache: "npm:^10.0.1"
    socks-proxy-agent: "npm:^8.0.3"
  checksum: 725bdd0e10c2ff442902b90b5ee6c186c1cff7b90603aa5d3f792b19fa837ed9e7be89b0501bb801318c9eab772309e9c6e5369871e6dce3513e6e04e4e22d19
  languageName: node
  linkType: hard

"@npmcli/fs@npm:^4.0.0":
  version: 4.0.0
  resolution: "@npmcli/fs@npm:4.0.0"
  dependencies:
    semver: "npm:^7.3.5"
  checksum: badf4847662bee15578d41729f61f15553bb356cb7e3df97f013364816196103b1702f92aab88e319cdc958c75d0f939f1eb0f0cdbd3c8da27ad5ac5e2905846
  languageName: node
  linkType: hard

"@pkgjs/parseargs@npm:^0.11.0":
  version: 0.11.0
  resolution: "@pkgjs/parseargs@npm:0.11.0"
  checksum: dfe6befa028bf30936d80ca8f398e7b121c8232305136f699cc954fd9a183d73043d9de4334e1b851424ab68a9070a1c8dab343a27cb643888925e219250a037
  languageName: node
  linkType: hard

"@prisma/client@npm:6.10.1":
  version: 6.10.1
  resolution: "@prisma/client@npm:6.10.1"
  peerDependencies:
    prisma: "*"
    typescript: ">=5.1.0"
  peerDependenciesMeta:
    prisma:
      optional: true
    typescript:
      optional: true
  checksum: fa2234ff8068536ca4479aba6f9ba73ce5e84443cdddbaf74b3551fc1e1f55ec642cb9337ee6d4f608f14512e45f9d6b705abfafeab8c84f16b0d0747ed7cc49
  languageName: node
  linkType: hard

"@prisma/config@npm:6.10.1":
  version: 6.10.1
  resolution: "@prisma/config@npm:6.10.1"
  dependencies:
    jiti: "npm:2.4.2"
  checksum: 7792902323067c2efa99ecbfdafd12535ca70eba42cfe65d52b9f39c11bfa06066c42ab7532220068127aed611332fa43931422d4949482531be2404ff0f8df4
  languageName: node
  linkType: hard

"@prisma/debug@npm:6.10.1":
  version: 6.10.1
  resolution: "@prisma/debug@npm:6.10.1"
  checksum: fed8bec1736882f412e52efb804beeec1f175403b2947931e1f5f91c5d9286eb964d997f4b848e8ebf3af29d67a106b25213e69c1da731732647002458bd2831
  languageName: node
  linkType: hard

"@prisma/engines-version@npm:6.10.1-1.9b628578b3b7cae625e8c927178f15a170e74a9c":
  version: 6.10.1-1.9b628578b3b7cae625e8c927178f15a170e74a9c
  resolution: "@prisma/engines-version@npm:6.10.1-1.9b628578b3b7cae625e8c927178f15a170e74a9c"
  checksum: f012aee9c2877d628f4fcfb4f5ea00d5ecb2d490a829b35bb81c777a57f4b8473ebda7f0023d60b3f064fb890854019fc7cda82eb0e1808f48539c9da5a4d36a
  languageName: node
  linkType: hard

"@prisma/engines@npm:6.10.1":
  version: 6.10.1
  resolution: "@prisma/engines@npm:6.10.1"
  dependencies:
    "@prisma/debug": "npm:6.10.1"
    "@prisma/engines-version": "npm:6.10.1-1.9b628578b3b7cae625e8c927178f15a170e74a9c"
    "@prisma/fetch-engine": "npm:6.10.1"
    "@prisma/get-platform": "npm:6.10.1"
  checksum: fde02610e70e7fbed242b3a354d90aee2f8e15454d2cb7e6a5ac402762f3e8567aa32c7733333f802463df0a72f101f190d1c8ff815935a197355b1bafc6be94
  languageName: node
  linkType: hard

"@prisma/fetch-engine@npm:6.10.1":
  version: 6.10.1
  resolution: "@prisma/fetch-engine@npm:6.10.1"
  dependencies:
    "@prisma/debug": "npm:6.10.1"
    "@prisma/engines-version": "npm:6.10.1-1.9b628578b3b7cae625e8c927178f15a170e74a9c"
    "@prisma/get-platform": "npm:6.10.1"
  checksum: 7c33d094fe147e2030f3a1c58e14537d34c6565f733a832e7aecf16079031f4276f4b36ea69153a09708939096f1206c7c9e0515ab971085be3fbc1b9eb032f5
  languageName: node
  linkType: hard

"@prisma/get-platform@npm:6.10.1":
  version: 6.10.1
  resolution: "@prisma/get-platform@npm:6.10.1"
  dependencies:
    "@prisma/debug": "npm:6.10.1"
  checksum: 031ccd9d24de8371b9e7b7371e570edaf467df5dae52218a5da852f583ae5326b6068eb79fa8d628e0fc0c93ae14dc203795aaeec58b9331cd479e9b94a1752b
  languageName: node
  linkType: hard

"@sfirew/minecraft-motd-parser@npm:^1.1.4":
  version: 1.1.6
  resolution: "@sfirew/minecraft-motd-parser@npm:1.1.6"
  checksum: 258b9898310f013f1ac19002f4638bbb1a94d092de8392bc8e44dc122ae5e92d09d0a405f4dcd13eb3e0a1089f00f9703c065dd214e5504b9f86e101793d8ea9
  languageName: node
  linkType: hard

"@types/node@npm:^24.0.3":
  version: 24.0.3
  resolution: "@types/node@npm:24.0.3"
  dependencies:
    undici-types: ~7.8.0
  checksum: b57cd151c0b8d3c3f31aaa23495439684a7f2d075e9e7f5b18e638a13cb67f726b0cc19332796662440bfb5ab9842dfb36b7cf9b55a82638d9f9a4a0657dd8fd
  languageName: node
  linkType: hard

"abbrev@npm:^3.0.0":
  version: 3.0.1
  resolution: "abbrev@npm:3.0.1"
  checksum: d697021b6c3c25b99b47b0c16292e8eb78cc359d18dd36e7aa3645e7fbee77d303158e88eb0c55f5b6db4ded6dfe44711384ae7491c881780fb246a5b796592f
  languageName: node
  linkType: hard

"agent-base@npm:^7.1.0, agent-base@npm:^7.1.2":
  version: 7.1.3
  resolution: "agent-base@npm:7.1.3"
  checksum: bd994ab10f1af3f56d5f9643ab6a373134c267e9bac264c63e126f66041e45e20fc15f9d10e812f3d70d696cd8cb10fab68785fb04a08c6396ce73ef5662aac9
  languageName: node
  linkType: hard

"ansi-regex@npm:^5.0.1":
  version: 5.0.1
  resolution: "ansi-regex@npm:5.0.1"
  checksum: c944e1229f022a2071f7477ea425964328c577d2c752083fe564ea0513b6d733c9ec65102f6d4d2b54cba0cb2dc969648b60d567abeff13dc95ecc0b9b97737d
  languageName: node
  linkType: hard

"ansi-regex@npm:^6.0.1":
  version: 6.1.0
  resolution: "ansi-regex@npm:6.1.0"
  checksum: cb629d95f3c7ed690fa1a0d5d175d7d86aa3b6d9326be0adae6a1cab8ccafe83376d153d2a147feeb9dfb451e649948f1783298ad52b3c870e67e0f1a3546a41
  languageName: node
  linkType: hard

"ansi-styles@npm:^4.0.0":
  version: 4.3.0
  resolution: "ansi-styles@npm:4.3.0"
  dependencies:
    color-convert: "npm:^2.0.1"
  checksum: ea02c0179f3dd089a161f5fdd7ccd89dd84f31d82b68869f1134bf5c5b9e1313dadd2ff9edb02b44f46243f285ef5b785f6cb61c84a293694221417c42934407
  languageName: node
  linkType: hard

"ansi-styles@npm:^6.1.0":
  version: 6.2.1
  resolution: "ansi-styles@npm:6.2.1"
  checksum: 285ec4b6dcee7482d47826ce5e7699ff5b8bd06ad75467cdcc9c326b2b47b6d61f00d875c62896ee89daa51150e987c6de6c236fa5ad82ad62f2857f690bdca4
  languageName: node
  linkType: hard

"balanced-match@npm:^1.0.0":
  version: 1.0.2
  resolution: "balanced-match@npm:1.0.2"
  checksum: 690643f3009a04289ac401079de5a780aae452f7625fb2884051cc847b231e6521ee15dd6430b066d3cf4bd8bb00bb7ff55b7d134f34b8f0b8c043806796f94e
  languageName: node
  linkType: hard

"brace-expansion@npm:^2.0.1":
  version: 2.0.2
  resolution: "brace-expansion@npm:2.0.2"
  dependencies:
    balanced-match: "npm:^1.0.0"
  checksum: 1c2c6d7fbc103f06b768d3f1062baa2ff58d7b41eede6b8627c1ee9c14d49d557e0dd885ed1b174bafde5f24a7e24008a4fd3f6571f2b66fa6fee2b30a5aca47
  languageName: node
  linkType: hard

"cacache@npm:^19.0.1":
  version: 19.0.1
  resolution: "cacache@npm:19.0.1"
  dependencies:
    "@npmcli/fs": "npm:^4.0.0"
    fs-minipass: "npm:^3.0.0"
    glob: "npm:^10.2.2"
    lru-cache: "npm:^10.0.1"
    minipass: "npm:^7.0.3"
    minipass-collect: "npm:^2.0.1"
    minipass-flush: "npm:^1.0.5"
    minipass-pipeline: "npm:^1.2.4"
    p-map: "npm:^7.0.2"
    ssri: "npm:^12.0.0"
    tar: "npm:^7.4.3"
    unique-filename: "npm:^4.0.0"
  checksum: 8da1e316238ddcae42363c1e0809e8e8ee7fd035bfbe71882bdfd24267b9209ad911eab2ba332d5cbf0b42cf3b7d3dbcca4d1f2dce2fd442056348316181008b
  languageName: node
  linkType: hard

"chownr@npm:^3.0.0":
  version: 3.0.0
  resolution: "chownr@npm:3.0.0"
  checksum: 678265a2dba66453e61472516ed58a4f8f3ed1a0a909d6afeb62da84f08e2411cf114410d1e2e8b72a5c12c185923b32a25dd623007b09a0506395999a9947e8
  languageName: node
  linkType: hard

"color-convert@npm:^2.0.1":
  version: 2.0.1
  resolution: "color-convert@npm:2.0.1"
  dependencies:
    color-name: "npm:~1.1.4"
  checksum: 3d5d8a011a43012ca11b6d739049ecf2055d95582fd16ec44bf1e685eb0baa5cc652002be8a1dc92b429c8d87418287d0528266a7595cb1ad8a7f4f1d3049df2
  languageName: node
  linkType: hard

"color-name@npm:~1.1.4":
  version: 1.1.4
  resolution: "color-name@npm:1.1.4"
  checksum: 3e1c9a4dee12eada307436f61614dd11fe300469db2b83f80c8b7a7cd8a1015f0f18dd13403f018927b249003777ff60baba4a03c65f12e6bddc0dfd9642021f
  languageName: node
  linkType: hard

"cross-spawn@npm:^7.0.6":
  version: 7.0.6
  resolution: "cross-spawn@npm:7.0.6"
  dependencies:
    path-key: "npm:^3.1.0"
    shebang-command: "npm:^2.0.0"
    which: "npm:^2.0.1"
  checksum: 932290dd6e43e196e2837d7d24abb544a8c61ef7edb62dcfa6c349d77a79547d98ad14786988707247859a94e38a56d2985b19f68a8c5f5a1639f43907b14fe6
  languageName: node
  linkType: hard

"debug@npm:4, debug@npm:^4.3.4":
  version: 4.4.1
  resolution: "debug@npm:4.4.1"
  dependencies:
    ms: "npm:^2.1.3"
  peerDependenciesMeta:
    supports-color:
      optional: true
  checksum: f505147ce2c9e02b6448c298b3ac3cf075c63fa1750da5ef159a41402f67c36dd10241542c6e2ebf61770f91f9d1d8eb396ec18ab97af0ab5e61b9ee939f77c1
  languageName: node
  linkType: hard

"eastasianwidth@npm:^0.2.0":
  version: 0.2.0
  resolution: "eastasianwidth@npm:0.2.0"
  checksum: 436391b865bec7cfdea39615241f36773dcf7fb804e1abd623d57c549d54ee1cb3bea0b1e9c1ae588722d6f9e14cff0de8af343fa650d69402657f09f0531c4a
  languageName: node
  linkType: hard

"emoji-regex@npm:^8.0.0":
  version: 8.0.0
  resolution: "emoji-regex@npm:8.0.0"
  checksum: 87cf3f89efb8ba028075b3dc1713e2c5609af94cbc129b1f00c3113d01dbe4bf85c9d971e75a98bf8a8508131727682ce929e4bd70e9022af4fd47d75e9507de
  languageName: node
  linkType: hard

"emoji-regex@npm:^9.2.2":
  version: 9.2.2
  resolution: "emoji-regex@npm:9.2.2"
  checksum: f3029ec432745ecb7cf5dcea1bc9ad3d70714ef20fcae1dc87a422d3be68913c42ed3adbb86765e7aa6c723c3bcd5833b5f4e22ed06d5e5cb74e0f628d4fc95b
  languageName: node
  linkType: hard

"encoding@npm:^0.1.13":
  version: 0.1.13
  resolution: "encoding@npm:0.1.13"
  dependencies:
    iconv-lite: "npm:^0.6.2"
  checksum: 282d5696a4916383b0f71a87375505e33ef0be0c3a30939fb559a878b691873d48acc61ee6dcbfacf3e68404ab4462e081bcfd0aa3c9a3f1fabb900306aad77d
  languageName: node
  linkType: hard

"env-paths@npm:^2.2.0":
  version: 2.2.1
  resolution: "env-paths@npm:2.2.1"
  checksum: 9579868bc73526de31682625d89aa08c83f3c87850218f9251f953bf4242428a1020e75cb201ca16b42f2874c3ca175ffc8aa47a88423b546711b7dbf86f79a8
  languageName: node
  linkType: hard

"err-code@npm:^2.0.2":
  version: 2.0.3
  resolution: "err-code@npm:2.0.3"
  checksum: 14e09e9990bcd0dd8e91881bf6e0ac6177b9cd72404951e443e8052f6272f276dbe1f3a34c7802fd6dee5276b34134b091665e18cebc9e1ce0a4519561f16c44
  languageName: node
  linkType: hard

"esbuild@npm:~0.25.0":
  version: 0.25.5
  resolution: "esbuild@npm:0.25.5"
  dependencies:
    "@esbuild/aix-ppc64": "npm:0.25.5"
    "@esbuild/android-arm": "npm:0.25.5"
    "@esbuild/android-arm64": "npm:0.25.5"
    "@esbuild/android-x64": "npm:0.25.5"
    "@esbuild/darwin-arm64": "npm:0.25.5"
    "@esbuild/darwin-x64": "npm:0.25.5"
    "@esbuild/freebsd-arm64": "npm:0.25.5"
    "@esbuild/freebsd-x64": "npm:0.25.5"
    "@esbuild/linux-arm": "npm:0.25.5"
    "@esbuild/linux-arm64": "npm:0.25.5"
    "@esbuild/linux-ia32": "npm:0.25.5"
    "@esbuild/linux-loong64": "npm:0.25.5"
    "@esbuild/linux-mips64el": "npm:0.25.5"
    "@esbuild/linux-ppc64": "npm:0.25.5"
    "@esbuild/linux-riscv64": "npm:0.25.5"
    "@esbuild/linux-s390x": "npm:0.25.5"
    "@esbuild/linux-x64": "npm:0.25.5"
    "@esbuild/netbsd-arm64": "npm:0.25.5"
    "@esbuild/netbsd-x64": "npm:0.25.5"
    "@esbuild/openbsd-arm64": "npm:0.25.5"
    "@esbuild/openbsd-x64": "npm:0.25.5"
    "@esbuild/sunos-x64": "npm:0.25.5"
    "@esbuild/win32-arm64": "npm:0.25.5"
    "@esbuild/win32-ia32": "npm:0.25.5"
    "@esbuild/win32-x64": "npm:0.25.5"
  dependenciesMeta:
    "@esbuild/aix-ppc64":
      optional: true
    "@esbuild/android-arm":
      optional: true
    "@esbuild/android-arm64":
      optional: true
    "@esbuild/android-x64":
      optional: true
    "@esbuild/darwin-arm64":
      optional: true
    "@esbuild/darwin-x64":
      optional: true
    "@esbuild/freebsd-arm64":
      optional: true
    "@esbuild/freebsd-x64":
      optional: true
    "@esbuild/linux-arm":
      optional: true
    "@esbuild/linux-arm64":
      optional: true
    "@esbuild/linux-ia32":
      optional: true
    "@esbuild/linux-loong64":
      optional: true
    "@esbuild/linux-mips64el":
      optional: true
    "@esbuild/linux-ppc64":
      optional: true
    "@esbuild/linux-riscv64":
      optional: true
    "@esbuild/linux-s390x":
      optional: true
    "@esbuild/linux-x64":
      optional: true
    "@esbuild/netbsd-arm64":
      optional: true
    "@esbuild/netbsd-x64":
      optional: true
    "@esbuild/openbsd-arm64":
      optional: true
    "@esbuild/openbsd-x64":
      optional: true
    "@esbuild/sunos-x64":
      optional: true
    "@esbuild/win32-arm64":
      optional: true
    "@esbuild/win32-ia32":
      optional: true
    "@esbuild/win32-x64":
      optional: true
  bin:
    esbuild: bin/esbuild
  checksum: 1c5efdfa4528372d93137251984cbb52f1cf5e95bfdf6fd89efb35dd6fdecf94716dfb02e4a1c5bbaf9e5c30b632e1642e3c603e4e50b9f7e95b1174adefdbbf
  languageName: node
  linkType: hard

"exponential-backoff@npm:^3.1.1":
  version: 3.1.2
  resolution: "exponential-backoff@npm:3.1.2"
  checksum: c8788ad87c81fa9e4e54423f20a0824e485791b5e2436af2049c0bbac3fb7d1d3d4de4b05ed575b95d33fc7844a0e32e8c42f985aeaac388af0dbc999c955ce1
  languageName: node
  linkType: hard

"fantastic_spoon_dc@workspace:.":
  version: 0.0.0-use.local
  resolution: "fantastic_spoon_dc@workspace:."
  dependencies:
    "@ahdg/minecraftstatuspinger": ^1.1.5
    "@prisma/client": 6.10.1
    "@sfirew/minecraft-motd-parser": ^1.1.4
    "@types/node": ^24.0.3
    playwright: ^1.53.1
    playwright-core: ^1.53.1
    prisma: 6.10.1
    seyfert: ^3.2.2
    tsx: ^4.20.3
  peerDependencies:
    typescript: ^5
  languageName: unknown
  linkType: soft

"fdir@npm:^6.4.4":
  version: 6.4.6
  resolution: "fdir@npm:6.4.6"
  peerDependencies:
    picomatch: ^3 || ^4
  peerDependenciesMeta:
    picomatch:
      optional: true
  checksum: 20e337b30d7cdde7f68b88032e2c04dfa933eb4c08fb4a8e32232869a68001bea35654d786e2e84c01459fc2c5ce1be5366c733fda716282c3722489817f2d75
  languageName: node
  linkType: hard

"foreground-child@npm:^3.1.0":
  version: 3.3.1
  resolution: "foreground-child@npm:3.3.1"
  dependencies:
    cross-spawn: "npm:^7.0.6"
    signal-exit: "npm:^4.0.1"
  checksum: 5619f9560dc526010fd9cc7215a776301d7325aceb4e73666702bc55f9fee594194fbcf2372e13deb3f8cbcaef0ef64dbff51eee35bc543121e6a3830ae31f88
  languageName: node
  linkType: hard

"fs-minipass@npm:^3.0.0":
  version: 3.0.3
  resolution: "fs-minipass@npm:3.0.3"
  dependencies:
    minipass: "npm:^7.0.3"
  checksum: 28f0078906382ce3e2672152b7001c7d59aedf99e1e6d29ba740daa4f0a17d31193abcd4dc5b132d627f461ddf3039839aea3c1bb90fe807add17059bba8ac7d
  languageName: node
  linkType: hard

"fsevents@npm:2.3.2":
  version: 2.3.2
  resolution: "fsevents@npm:2.3.2"
  dependencies:
    node-gyp: "npm:latest"
  checksum: a1883f4ca12b8b403ec528f1a4cb312b0877eacd24719da535cabea78d6fdd78530e3538bdba590a1c0f6c295128f964a89182621885296353a44dcfa4f9db53
  languageName: node
  linkType: hard

"fsevents@npm:~2.3.3":
  version: 2.3.3
  resolution: "fsevents@npm:2.3.3"
  dependencies:
    node-gyp: "npm:latest"
  checksum: f22d0a854bca5dc894a7ee1aae8966933fa88ea4520603f266b9ea8dd0a1211578d418a20bdd7c016601b473276982d0926b24f68eb1f75790356336c6b74d1a
  languageName: node
  linkType: hard

"fsevents@patch:fsevents@npm%3A2.3.2#builtin<compat/fsevents>":
  version: 2.3.2
  resolution: "fsevents@patch:fsevents@npm%3A2.3.2#builtin<compat/fsevents>::version=2.3.2&hash=11e9ea"
  dependencies:
    node-gyp: "npm:latest"
  checksum: 7b25d9251aefe433d508a0eb614217f0495ae05a9e8af15f7dbf9998e08c4e675acd1cf32361e0fcf71d917d9e8c4b76301fdc72a1ec1105a3ea0994f5e15a8d
  languageName: node
  linkType: hard

"fsevents@patch:fsevents@npm%3A~2.3.3#builtin<compat/fsevents>":
  version: 2.3.3
  resolution: "fsevents@patch:fsevents@npm%3A2.3.3#builtin<compat/fsevents>::version=2.3.3&hash=11e9ea"
  dependencies:
    node-gyp: "npm:latest"
  checksum: b4a5cd7915a22722983f0b08607c681a651a788d1109670f899f3421e42e9540c31e293e3e8019cc4571f370598d7a8baa02ce60ccabee830bcfa6b1189ba92c
  languageName: node
  linkType: hard

"get-tsconfig@npm:^4.7.5":
  version: 4.10.1
  resolution: "get-tsconfig@npm:4.10.1"
  dependencies:
    resolve-pkg-maps: "npm:^1.0.0"
  checksum: 8cfdbdddca59699ad6c8c6370b60aaa2ddf16652cf57f1eb63799ecd7564c822886bedfed0696a2a15c5936f70273e4ad19b6546dd6ea4ab605cb61ed1e9d030
  languageName: node
  linkType: hard

"glob@npm:^10.2.2":
  version: 10.4.5
  resolution: "glob@npm:10.4.5"
  dependencies:
    foreground-child: "npm:^3.1.0"
    jackspeak: "npm:^3.1.2"
    minimatch: "npm:^9.0.4"
    minipass: "npm:^7.1.2"
    package-json-from-dist: "npm:^1.0.0"
    path-scurry: "npm:^1.11.1"
  bin:
    glob: dist/esm/bin.mjs
  checksum: 3127af1259a4b2ec6c8481752ab00f96e31d5bb66643dca440eb1c471cb19dbace027b1bcf44de206c8aaa57d5451feceeeb8ad15e80913598166c610fece93a
  languageName: node
  linkType: hard

"graceful-fs@npm:^4.2.6":
  version: 4.2.11
  resolution: "graceful-fs@npm:4.2.11"
  checksum: 99533f7c73bafc139bfc435a628272226cb46dc2b9b3dba7395dcb6c19936db28961ad9fcd648f407c32f91998fb2102a2df4dd13951a9699c5c28e2145713a9
  languageName: node
  linkType: hard

"http-cache-semantics@npm:^4.1.1":
  version: 4.2.0
  resolution: "http-cache-semantics@npm:4.2.0"
  checksum: 1230ce3699c70c6ce8b83323fd163d05b6a9f516749c178dffd66f003d84e913e349ee9099a3d12dfadc216f7716e20c42f033b42bf4e6fbf59e86dcb90f16ba
  languageName: node
  linkType: hard

"http-proxy-agent@npm:^7.0.0":
  version: 7.0.2
  resolution: "http-proxy-agent@npm:7.0.2"
  dependencies:
    agent-base: "npm:^7.1.0"
    debug: "npm:^4.3.4"
  checksum: d2b1a670b934b229c9d47d028d669b1c8d77133e65f0044ce1f01acd6d4fc14340e753a4f13f06dbe985b9de4a693afb9f58eadaf87a896e8a9712675238ca8c
  languageName: node
  linkType: hard

"https-proxy-agent@npm:^7.0.1":
  version: 7.0.6
  resolution: "https-proxy-agent@npm:7.0.6"
  dependencies:
    agent-base: "npm:^7.1.2"
    debug: "npm:4"
  checksum: c6399494bda25d10dafa012f1aa8cf49fec81fbca99839ff63ad8338ec0b6cbd042adf547f5fd875b069b14314298cc269ccb02a6336122bb374b7eb660a1c36
  languageName: node
  linkType: hard

"iconv-lite@npm:^0.6.2":
  version: 0.6.3
  resolution: "iconv-lite@npm:0.6.3"
  dependencies:
    safer-buffer: "npm:>= 2.1.2 < 3.0.0"
  checksum: 9b4f24db662b717340ae20ec9ebbaf0648b378a2d0fc64aef83c6bccdd9918b622216c020e177ddf2d02eeff8456a732e85b6d989eb2cd3a40519f3e179b273c
  languageName: node
  linkType: hard

"imurmurhash@npm:^0.1.4":
  version: 0.1.4
  resolution: "imurmurhash@npm:0.1.4"
  checksum: 34d414d789286f6ef4d2b954c76c7df40dd7cabffef9b9959c8bd148677e98151f4fa5344aae2e3ad2b62308555ccbba3022e535a3e24288c9babb1308e35532
  languageName: node
  linkType: hard

"ip-address@npm:^9.0.5":
  version: 9.0.5
  resolution: "ip-address@npm:9.0.5"
  dependencies:
    jsbn: "npm:1.1.0"
    sprintf-js: "npm:^1.1.3"
  checksum: f0acd0e5210d2ce2ec82f182e405b2c975096f5de49fb38908e85e33865bb06b91dc1c98cd8de35b6343386023baea94a6d8d779319477d8e500409bb808259d
  languageName: node
  linkType: hard

"is-fullwidth-code-point@npm:^3.0.0":
  version: 3.0.0
  resolution: "is-fullwidth-code-point@npm:3.0.0"
  checksum: a01a19ecac34386ae3a4e801c5639d6e31082d1ddc418e7cd96317fef3c8b24ec8531558e9d3d35b33551ab9c5cf20bf2cdefa583927b7ff60c27c8d7c216063
  languageName: node
  linkType: hard

"isexe@npm:^2.0.0":
  version: 2.0.0
  resolution: "isexe@npm:2.0.0"
  checksum: 7b437980bb77881a146fba85cfbdf01edc2b148673e9c2722a1e49661fea73adf524430a80fdbfb8ce9f60d43224e682c657c45030482bd39e0c488fc29b4afe
  languageName: node
  linkType: hard

"isexe@npm:^3.1.1":
  version: 3.1.1
  resolution: "isexe@npm:3.1.1"
  checksum: 9220579164e256e2b1337a33fdb163a10483e64b595523f4ec9f79898337dff5c9fb8ee8c6fd73e9ac1af75b2c020d00cf96a7ab1cc99d46ac33fd32a99f3d0d
  languageName: node
  linkType: hard

"jackspeak@npm:^3.1.2":
  version: 3.4.3
  resolution: "jackspeak@npm:3.4.3"
  dependencies:
    "@isaacs/cliui": "npm:^8.0.2"
    "@pkgjs/parseargs": "npm:^0.11.0"
  dependenciesMeta:
    "@pkgjs/parseargs":
      optional: true
  checksum: 44a21ad5dbf76fda2f72c69f7b3d5c20fba9a1c53a787f1cad01c0f259f69f9c7c9d6e375c764398c610a7b776cb72f130662a5cfcbe425ff2e682534a8150f0
  languageName: node
  linkType: hard

"jiti@npm:2.4.2":
  version: 2.4.2
  resolution: "jiti@npm:2.4.2"
  bin:
    jiti: lib/jiti-cli.mjs
  checksum: f81dabc3db55c21a6f53b582b5d054841e5d5064f7fb52d295e87a566600b3cc3dac639c1a8a2ebb445837666b00a907eb4e44f6777617e29b63921c3781106c
  languageName: node
  linkType: hard

"jsbn@npm:1.1.0":
  version: 1.1.0
  resolution: "jsbn@npm:1.1.0"
  checksum: 1400c412cdb40a703be30ec4faaaba99cdc63cb61caf8b8d5898d968d3ec50c2154fca5a7e4b950d1f55ee50668221001cf4054da5f49f73a05616361ff0a1c1
  languageName: node
  linkType: hard

"lru-cache@npm:^10.0.1, lru-cache@npm:^10.2.0":
  version: 10.4.3
  resolution: "lru-cache@npm:10.4.3"
  checksum: b50a96b13973032d8153c1afaf83e35bcdf752bc7b1cea4ab661dfaed81b47d44e1c52beab99ca2ca0fe988e8d37ca86fe9ab0b4cef4b7d30c33b364e187fd65
  languageName: node
  linkType: hard

"make-fetch-happen@npm:^14.0.3":
  version: 14.0.3
  resolution: "make-fetch-happen@npm:14.0.3"
  dependencies:
    "@npmcli/agent": "npm:^3.0.0"
    cacache: "npm:^19.0.1"
    http-cache-semantics: "npm:^4.1.1"
    minipass: "npm:^7.0.2"
    minipass-fetch: "npm:^4.0.0"
    minipass-flush: "npm:^1.0.5"
    minipass-pipeline: "npm:^1.2.4"
    negotiator: "npm:^1.0.0"
    proc-log: "npm:^5.0.0"
    promise-retry: "npm:^2.0.1"
    ssri: "npm:^12.0.0"
  checksum: 5528b95374b4b25b95207b4d7f6a4279bd8176fdfa009b68b6d1c95aceda298a0088ea15333f9422ff0b46277edfc5cb8f23f9dc34bac30ac83a29d461004b62
  languageName: node
  linkType: hard

"minimatch@npm:^9.0.4":
  version: 9.0.5
  resolution: "minimatch@npm:9.0.5"
  dependencies:
    brace-expansion: "npm:^2.0.1"
  checksum: 9a06bc182c2ad908d2a6043bcf763ac2aebe854f8909f1027fd2fdf6ada20bc8b4174e41ef275f660b064a92f5d405b5ad81767990a27e86a05a407150cbb436
  languageName: node
  linkType: hard

"minipass-collect@npm:^2.0.1":
  version: 2.0.1
  resolution: "minipass-collect@npm:2.0.1"
  dependencies:
    minipass: "npm:^7.0.3"
  checksum: 77b57093dfb95ab76c7826277efaca742f8d531765d9f1031a322e5b1d29ae805e1b03d6edb15524dda6d7517d95beb86416ee7a681f96e9219eb1d03662bfda
  languageName: node
  linkType: hard

"minipass-fetch@npm:^4.0.0":
  version: 4.0.1
  resolution: "minipass-fetch@npm:4.0.1"
  dependencies:
    encoding: "npm:^0.1.13"
    minipass: "npm:^7.0.3"
    minipass-sized: "npm:^1.0.3"
    minizlib: "npm:^3.0.1"
  dependenciesMeta:
    encoding:
      optional: true
  checksum: 5d7a2a586abd245751f7b6aa29065660f091bcb1c3e5cdbd23e5db1c4f047b2060b8f23face25c76a565b8131441aeca0f33e3c7aee6a4be85b77caa8343840b
  languageName: node
  linkType: hard

"minipass-flush@npm:^1.0.5":
  version: 1.0.5
  resolution: "minipass-flush@npm:1.0.5"
  dependencies:
    minipass: "npm:^3.0.0"
  checksum: d354ca0da834e3e79a1f0372d1cb86ba043a96b495624ed6360f7cd1f549e5685d9b292d4193a963497efcf4a4db8563e188cda565b119b8acc00852259e286c
  languageName: node
  linkType: hard

"minipass-pipeline@npm:^1.2.4":
  version: 1.2.4
  resolution: "minipass-pipeline@npm:1.2.4"
  dependencies:
    minipass: "npm:^3.0.0"
  checksum: 001d5a4a0c14816230984e684e8458d972b92dae52255f17fbc2dae74965f544c3c64f93146c218413004e72acec7f57d0f6ee10a49377ad715cf7d389af710c
  languageName: node
  linkType: hard

"minipass-sized@npm:^1.0.3":
  version: 1.0.3
  resolution: "minipass-sized@npm:1.0.3"
  dependencies:
    minipass: "npm:^3.0.0"
  checksum: 747cb22e8a65dc84b819f8cdea4398ac30a3105d47f1db654ecd0b4c8124afddc58cbbd1166905d5279d89708692c0326689538b9795468e28bd330113e0d3c0
  languageName: node
  linkType: hard

"minipass@npm:^3.0.0":
  version: 3.3.6
  resolution: "minipass@npm:3.3.6"
  dependencies:
    yallist: "npm:^4.0.0"
  checksum: 3cc3a75860a22878521a99004655b85b31139919e163828b2523727b1e2a664725e45e3b6eba55108f4803ed0b15ed2a5e1ef85b649c37619dedc031e96efa4b
  languageName: node
  linkType: hard

"minipass@npm:^5.0.0 || ^6.0.2 || ^7.0.0, minipass@npm:^7.0.2, minipass@npm:^7.0.3, minipass@npm:^7.0.4, minipass@npm:^7.1.2":
  version: 7.1.2
  resolution: "minipass@npm:7.1.2"
  checksum: b7438c5bb25bd7353deb9056aa9834c71e09df4612447b200f30fb583e4f0c479116c870d1a39bdd675605d6e2c6ad9307e388343652e669c21d534413eff5a9
  languageName: node
  linkType: hard

"minizlib@npm:^3.0.1":
  version: 3.0.2
  resolution: "minizlib@npm:3.0.2"
  dependencies:
    minipass: "npm:^7.1.2"
  checksum: 8b050d9530361f54d461d5d40d1bb663257453a0f882c7bf6243bfb1edc25a3ee2a7e0af815831bcee75f0ea4ea0c7aa55bce7fdfc167738ffa2ff2ea04e875b
  languageName: node
  linkType: hard

"mkdirp@npm:^3.0.1":
  version: 3.0.1
  resolution: "mkdirp@npm:3.0.1"
  bin:
    mkdirp: dist/cjs/src/bin.js
  checksum: fe3328ee272cd8e17d4f651ddeb51acc6f8d72a74d8e2019f5f8324a4a2019269daf31091c8a70cc80494d6780d088eb404a79b2cf80f246f82020f03b5be38c
  languageName: node
  linkType: hard

"ms@npm:^2.1.3":
  version: 2.1.3
  resolution: "ms@npm:2.1.3"
  checksum: 6e721e648a544154d5de4c114b32f573d8027ca8ec505cf6c1105e505986d6ac46934a1256735aa0eece8eb2f5b2a1230503b2dddd3b100f9f016fd8a4f15f33
  languageName: node
  linkType: hard

"negotiator@npm:^1.0.0":
  version: 1.0.0
  resolution: "negotiator@npm:1.0.0"
  checksum: 083072928637af12755b236eccc2dde5a7c6ad3d7d57ec3969dee3d10b12220f7cd95349b3e774e4930565933f634f8dd4ed940c41eac1880648e12691d18e61
  languageName: node
  linkType: hard

"node-gyp@npm:latest":
  version: 11.2.0
  resolution: "node-gyp@npm:11.2.0"
  dependencies:
    env-paths: "npm:^2.2.0"
    exponential-backoff: "npm:^3.1.1"
    graceful-fs: "npm:^4.2.6"
    make-fetch-happen: "npm:^14.0.3"
    nopt: "npm:^8.0.0"
    proc-log: "npm:^5.0.0"
    semver: "npm:^7.3.5"
    tar: "npm:^7.4.3"
    tinyglobby: "npm:^0.2.12"
    which: "npm:^5.0.0"
  bin:
    node-gyp: bin/node-gyp.js
  checksum: 9b868d988ca124103c050108199c00cb655242cb07e55af96523c5cce34950d3303954259b3968e45c9b922686ffd384ddae27133c746b0ea7811c760e1cde70
  languageName: node
  linkType: hard

"nopt@npm:^8.0.0":
  version: 8.1.0
  resolution: "nopt@npm:8.1.0"
  dependencies:
    abbrev: "npm:^3.0.0"
  bin:
    nopt: bin/nopt.js
  checksum: d93c653459a0c86f1ee86c3fc713995580b53737bd5959e14a694d2bd53097fc5271c69002a739441d2925a0ba531564f1b2e8754a5f231c29ca80b64de3eb1f
  languageName: node
  linkType: hard

"p-map@npm:^7.0.2":
  version: 7.0.3
  resolution: "p-map@npm:7.0.3"
  checksum: 41e7289b6765ca6c01da707fcfdbb4837c21559bc99de6584d6adae40a54f761f437cb46798eed2e714c52ff245f7afe9cd0b5ae66721eabc6aefe71128a6c64
  languageName: node
  linkType: hard

"package-json-from-dist@npm:^1.0.0":
  version: 1.0.1
  resolution: "package-json-from-dist@npm:1.0.1"
  checksum: b0662db18dad44094f7ca03f6e29050d6a2b3021a8f76fd526a10770d8c66f62f9731f7d6076ac8e0785a3fafb0bad2fdbe71950ec5bf0c0638454a7bd131505
  languageName: node
  linkType: hard

"path-key@npm:^3.1.0":
  version: 3.1.1
  resolution: "path-key@npm:3.1.1"
  checksum: e44aa3ca9faed0440994883050143b1214fffb907bf3a7bbdba15dc84f60821617c0d84e4cc74e1d84e9274003da50427f54d739b0b47636bcbaff4ec71b9b86
  languageName: node
  linkType: hard

"path-scurry@npm:^1.11.1":
  version: 1.11.1
  resolution: "path-scurry@npm:1.11.1"
  dependencies:
    lru-cache: "npm:^10.2.0"
    minipass: "npm:^5.0.0 || ^6.0.2 || ^7.0.0"
  checksum: 1083204002aed3b45196cc0fe0f516ca8a8207387b420732749923d7ad21921ad057b4030fd27c3d1a46ccee1f38a3ddda9ca43650c09b050e30cb72b34d9f03
  languageName: node
  linkType: hard

"picomatch@npm:^4.0.2":
  version: 4.0.2
  resolution: "picomatch@npm:4.0.2"
  checksum: b93163edc82a1e17f5feaab63dd7d2663b1ed33773b3a35102558baaf105aad5edcc06a4bb33f409147c30e1ec330a5599cffaaa55576f00b2b5e21aa7e82975
  languageName: node
  linkType: hard

"playwright-core@npm:1.53.1, playwright-core@npm:^1.53.1":
  version: 1.53.1
  resolution: "playwright-core@npm:1.53.1"
  bin:
    playwright-core: cli.js
  checksum: 678fcdd2aee710ded2cd608a05a4bea11000ac1468b2fad7f31d85fe7237824eb8b2ecbfdc0b3e923685a21f90bf7a00fa0a26878c0534345a0eb311b173d955
  languageName: node
  linkType: hard

"playwright@npm:^1.53.1":
  version: 1.53.1
  resolution: "playwright@npm:1.53.1"
  dependencies:
    fsevents: "npm:2.3.2"
    playwright-core: "npm:1.53.1"
  dependenciesMeta:
    fsevents:
      optional: true
  bin:
    playwright: cli.js
  checksum: 312e2fc2f073fde4cb6978a9105e709349aec14e5d93c0d92e5777fbb35fbf8d7cd0ada42ea250f488bb1da7c49674387e613762b15577a65de3c5f8988ab0fa
  languageName: node
  linkType: hard

"prisma@npm:6.10.1":
  version: 6.10.1
  resolution: "prisma@npm:6.10.1"
  dependencies:
    "@prisma/config": "npm:6.10.1"
    "@prisma/engines": "npm:6.10.1"
  peerDependencies:
    typescript: ">=5.1.0"
  peerDependenciesMeta:
    typescript:
      optional: true
  bin:
    prisma: build/index.js
  checksum: 2c0734ccfc696b7a2a941679d6368d9f568c0b82a6c7ee1dd5b0822f683728588dccf0379cfbb0e108a44fb3dc710b039b634118df5671181c89161f52e7f8fe
  languageName: node
  linkType: hard

"proc-log@npm:^5.0.0":
  version: 5.0.0
  resolution: "proc-log@npm:5.0.0"
  checksum: 5ebae4bb49c3df1bc6749868b7e6eb4c61b9317b246482c808adb9f5baa7ec21e95cd48f72c4dd7c04dfaaa466a0b1e6b5c22e25d2c93905dfbc14b7d6230e30
  languageName: node
  linkType: hard

"promise-retry@npm:^2.0.1":
  version: 2.0.1
  resolution: "promise-retry@npm:2.0.1"
  dependencies:
    err-code: "npm:^2.0.2"
    retry: "npm:^0.12.0"
  checksum: 325e99d059fc624129c020507047a9aeadb988d03fd2165829af7c43af9c6d0510f2ccddb68efa0bac607d4c43591b3af8b1207db132986bfa458f78549ea4f1
  languageName: node
  linkType: hard

"resolve-pkg-maps@npm:^1.0.0":
  version: 1.0.0
  resolution: "resolve-pkg-maps@npm:1.0.0"
  checksum: 067747fa3518753134e3efccbcb4e99e934adc32af43cb1301e8cae187056cf335d2ebe76cd42baf395397488e4220e0d1c90b321acb08ba2defbd65c8491938
  languageName: node
  linkType: hard

"retry@npm:^0.12.0":
  version: 0.12.0
  resolution: "retry@npm:0.12.0"
  checksum: 51f2fddddb2f157a0738c53c515682813a881df566da36992f3cf0a975ea84a19434c5abbc682056e97351540bcc7ea38fce2622d0b191c3b5cc1020b71ea0f2
  languageName: node
  linkType: hard

"safer-buffer@npm:>= 2.1.2 < 3.0.0":
  version: 2.1.2
  resolution: "safer-buffer@npm:2.1.2"
  checksum: 549ba83f5b314b59898efe3422120ce1ca7987a6eae5925a5fa5db930dc414d4a9dde0a5594f89638cd6ea60b6840ea961872908933ac2428d1726489db46fa5
  languageName: node
  linkType: hard

"semver@npm:^7.3.5":
  version: 7.7.2
  resolution: "semver@npm:7.7.2"
  bin:
    semver: bin/semver.js
  checksum: dfe6b900d1e937fa4eae5059455dfdedb55d86aae02b6f9371c3995999e193af228b84a3d5f92ae56fa3ff0c132c5901139b2c568e9df00bf9e770e3d797472f
  languageName: node
  linkType: hard

"seyfert@npm:^3.2.2":
  version: 3.2.2
  resolution: "seyfert@npm:3.2.2"
  checksum: 383e57cdd942755f32d578bcb7d058309fe40fbc390b51f60fd6cdd981addc378424e92ec313ad0605095faa5bc32413fdf3daab67888515379ffca47da2b26b
  languageName: node
  linkType: hard

"shebang-command@npm:^2.0.0":
  version: 2.0.0
  resolution: "shebang-command@npm:2.0.0"
  dependencies:
    shebang-regex: "npm:^3.0.0"
  checksum: 85aa394d8cedeedf2e03524d6defef67a2b07d3a17d7ee50d4281d62d3fca898f26ebe7aa7bf674d51b80f197aa1d346bc1a10e8efb04377b534f4322c621012
  languageName: node
  linkType: hard

"shebang-regex@npm:^3.0.0":
  version: 3.0.0
  resolution: "shebang-regex@npm:3.0.0"
  checksum: ea18044ffaf18129ced5a246660a9171a7dff98999aaa9de8abb237d8a7711d8a1f76e16881399994ee429156717ce1c6a50c665bb18a4d55a7f80b9125b1f7d
  languageName: node
  linkType: hard

"signal-exit@npm:^4.0.1":
  version: 4.1.0
  resolution: "signal-exit@npm:4.1.0"
  checksum: a9175b069799538f7c4a176175e7a99db8efd1dc46d1bb5cb6143aa50f3dfe424a8adcbe602826ece6d823e825ae409b909bec838fb99c8d6a5d5255b88a3186
  languageName: node
  linkType: hard

"smart-buffer@npm:^4.2.0":
  version: 4.2.0
  resolution: "smart-buffer@npm:4.2.0"
  checksum: 644e012e31a8e17334df717cd2337ad5339139c3f9354c1e52dbafe93e5cd19f89129a831833ad54002bd5872873ec9affcdfbc81ee41a0513ad39a0c9b6dad1
  languageName: node
  linkType: hard

"socks-proxy-agent@npm:^8.0.3":
  version: 8.0.5
  resolution: "socks-proxy-agent@npm:8.0.5"
  dependencies:
    agent-base: "npm:^7.1.2"
    debug: "npm:^4.3.4"
    socks: "npm:^2.8.3"
  checksum: a2efaa151a96e35ddd152fe2da6c0f1bf0282f8ca0041217895edfb1ae92a0f3c043cce2697e14cbe1a57a96ea7421d0c5284e874a75ef8213c4607a9b2607a9
  languageName: node
  linkType: hard

"socks@npm:^2.8.3":
  version: 2.8.5
  resolution: "socks@npm:2.8.5"
  dependencies:
    ip-address: "npm:^9.0.5"
    smart-buffer: "npm:^4.2.0"
  checksum: 62ee9c32df1b380ee9617ea410558b2520f09eac8ae33eadbf30d363836c6b4843acd9a5add837c32c884600554eefaa707babe30c46458895d241b7ffae44c3
  languageName: node
  linkType: hard

"sprintf-js@npm:^1.1.3":
  version: 1.1.3
  resolution: "sprintf-js@npm:1.1.3"
  checksum: c4effac533d22211bdcbfcc8a9e337c0f8d1cbe9e0955ea60d4d4c731f606372b57f1fdb5cc391e5c695861172f90c0eff051683c3711e020a0b853b008cb812
  languageName: node
  linkType: hard

"ssri@npm:^12.0.0":
  version: 12.0.0
  resolution: "ssri@npm:12.0.0"
  dependencies:
    minipass: "npm:^7.0.3"
  checksum: 91bac9e513592960bd727f554c4dd5c8e8eb23ac0ea2769cc780cf531746d433e78bf42f03ebaf75d4a8435fca7a8e11caf3199da5a1ab2438054f5a780a5f80
  languageName: node
  linkType: hard

"string-width-cjs@npm:string-width@^4.2.0, string-width@npm:^4.1.0":
  version: 4.2.3
  resolution: "string-width@npm:4.2.3"
  dependencies:
    emoji-regex: "npm:^8.0.0"
    is-fullwidth-code-point: "npm:^3.0.0"
    strip-ansi: "npm:^6.0.1"
  checksum: 748c97988904505fc6af52ccdf6f354445c714c38d067f22e0cdc6a3ad3d9c5ea29582ef9a6277dc7a813775bb48390ea064b488913239d58601b6d1fcb725b4
  languageName: node
  linkType: hard

"string-width@npm:^5.0.1, string-width@npm:^5.1.2":
  version: 5.1.2
  resolution: "string-width@npm:5.1.2"
  dependencies:
    eastasianwidth: "npm:^0.2.0"
    emoji-regex: "npm:^9.2.2"
    strip-ansi: "npm:^7.0.1"
  checksum: 4da7e3d5d66fbc4eb20f5d40a28c8b2e88e32587327e4c98e63b1664a5306a00ffef78070c4a548ba744bf3a874af5bf66838e73912064664f19ad9be006a310
  languageName: node
  linkType: hard

"strip-ansi-cjs@npm:strip-ansi@^6.0.1, strip-ansi@npm:^6.0.0, strip-ansi@npm:^6.0.1":
  version: 6.0.1
  resolution: "strip-ansi@npm:6.0.1"
  dependencies:
    ansi-regex: "npm:^5.0.1"
  checksum: 9d3061240b03abe5beaf403893464fdc924f43664debe822d5e9146b56c1398b88003f8afdb97eb0cea955c568f6bbfa4923d2b2a08a3a079fd09ee3b5402efb
  languageName: node
  linkType: hard

"strip-ansi@npm:^7.0.1":
  version: 7.1.0
  resolution: "strip-ansi@npm:7.1.0"
  dependencies:
    ansi-regex: "npm:^6.0.1"
  checksum: 23e0a12a073da3750237e17388a88af9a2b091e9447752a8bd2a0986a34122301459961a9dfffca5b6826309bd637bcb6ad67506623342f71c125e5bf5b5a6d9
  languageName: node
  linkType: hard

"tar@npm:^7.4.3":
  version: 7.4.3
  resolution: "tar@npm:7.4.3"
  dependencies:
    "@isaacs/fs-minipass": "npm:^4.0.0"
    chownr: "npm:^3.0.0"
    minipass: "npm:^7.1.2"
    minizlib: "npm:^3.0.1"
    mkdirp: "npm:^3.0.1"
    yallist: "npm:^5.0.0"
  checksum: 2e67db56b0abbb91838996b519d3dd39d9b4476b20b3cda7a8685382aaceaf93c59096db1c2fc867dff9e4e916a3e988d3004775eeab66945d436e8c06e377e7
  languageName: node
  linkType: hard

"tinyglobby@npm:^0.2.12":
  version: 0.2.14
  resolution: "tinyglobby@npm:0.2.14"
  dependencies:
    fdir: "npm:^6.4.4"
    picomatch: "npm:^4.0.2"
  checksum: 7b53f1be4077f479f25acc3169c7627a1b8aa498570ca94b5061600ab52f85c14f998453dd0773761f1a9a87dbc53663ab54a3d050a6104f5d7f46a4bb7efc1f
  languageName: node
  linkType: hard

"tsx@npm:^4.20.3":
  version: 4.20.3
  resolution: "tsx@npm:4.20.3"
  dependencies:
    esbuild: "npm:~0.25.0"
    fsevents: "npm:~2.3.3"
    get-tsconfig: "npm:^4.7.5"
  dependenciesMeta:
    fsevents:
      optional: true
  bin:
    tsx: dist/cli.mjs
  checksum: b78ac4add3b647d15bba4587cc9a28f9523876de2cd55571af59485eb4d4bb28083363a7f241560308e77e88112b50a649270bbb6cea8d588b0cd226675499e6
  languageName: node
  linkType: hard

"undici-types@npm:~7.8.0":
  version: 7.8.0
  resolution: "undici-types@npm:7.8.0"
  checksum: ba802ae88795fb23790b383d2387dc9225a222d4d71da29ca6aa2c42fde3d936523c8438135848ff203e063b7f58e4e39fc38ad97f6849c45eed54cadafb4eb4
  languageName: node
  linkType: hard

"unique-filename@npm:^4.0.0":
  version: 4.0.0
  resolution: "unique-filename@npm:4.0.0"
  dependencies:
    unique-slug: "npm:^5.0.0"
  checksum: 7d3be4a0cfcd035b615d653bce3dc35e7cfa85387b1a39897285a5463e63ea6be17552a19832a9a9be6f3c45876309bbcecc9973b8fa8ac40c94ce73e3658e89
  languageName: node
  linkType: hard

"unique-slug@npm:^5.0.0":
  version: 5.0.0
  resolution: "unique-slug@npm:5.0.0"
  dependencies:
    imurmurhash: "npm:^0.1.4"
  checksum: 70aa83385bbddd1b67625751c56c18bb19b18da7813f32025e72d960724ad2e1ff09b843b987a438e894dec008b9c70ace6a8cf17086b07fb27792fd56485cc5
  languageName: node
  linkType: hard

"which@npm:^2.0.1":
  version: 2.0.2
  resolution: "which@npm:2.0.2"
  dependencies:
    isexe: "npm:^2.0.0"
  bin:
    node-which: ./bin/node-which
  checksum: ea9b1db1266b08f7880717cf70dd9012dd523e5a317f10fbe4d5e8c1a761c5fd237f88642f2ba33b23f973ff4002c9b26648d63084ab208d8ecef36497315f6e
  languageName: node
  linkType: hard

"which@npm:^5.0.0":
  version: 5.0.0
  resolution: "which@npm:5.0.0"
  dependencies:
    isexe: "npm:^3.1.1"
  bin:
    node-which: bin/which.js
  checksum: 457e612dd9401a1698c34e33cb0eb1768be2662972067c1cfb919362f7a8f13d347db4550872f7e2f642f11224edd68918262fa41f642ef5051ad014c26d12ba
  languageName: node
  linkType: hard

"wrap-ansi-cjs@npm:wrap-ansi@^7.0.0":
  version: 7.0.0
  resolution: "wrap-ansi@npm:7.0.0"
  dependencies:
    ansi-styles: "npm:^4.0.0"
    string-width: "npm:^4.1.0"
    strip-ansi: "npm:^6.0.0"
  checksum: 09939dd775ae565bb99a25a6c072fe3775a95fa71751b5533c94265fe986ba3e3ab071a027ab76cf26876bd9afd10ac3c2d06d7c4bcce148bf7d2d9514e3a0df
  languageName: node
  linkType: hard

"wrap-ansi@npm:^8.1.0":
  version: 8.1.0
  resolution: "wrap-ansi@npm:8.1.0"
  dependencies:
    ansi-styles: "npm:^6.1.0"
    string-width: "npm:^5.0.1"
    strip-ansi: "npm:^7.0.1"
  checksum: f75c2443bdcb8d4301165839ca904ccc5c4e6810d7791c7968096bc85153b3229be6b8a0b95fac18fad509eaddf39b5f9c4929486d3a97560d0a16eba394ef79
  languageName: node
  linkType: hard

"yallist@npm:^4.0.0":
  version: 4.0.0
  resolution: "yallist@npm:4.0.0"
  checksum: a2960ef879af6ee67a76cae29bac9d8bffeb6e9e366c217dbd21464e7fce071933705544724f47e90ba5209cf9c83c17d5582dd04415d86747a826b2a231efb8
  languageName: node
  linkType: hard

"yallist@npm:^5.0.0":
  version: 5.0.0
  resolution: "yallist@npm:5.0.0"
  checksum: 43d8687aa4ac91e8f2bdf6bf056f00f661569d4040292486f1486af08ab575fd25565f239aa5bd565364a8b42f5ba3debfb7994dd27b55ace0e4b008121d1ecf
  languageName: node
  linkType: hard
